
Microsoft Visual Studio Solution File, Format Version 12.00
# Visual Studio Version 17
VisualStudioVersion = 17.14.36930.0 d17.14
MinimumVisualStudioVersion = 10.0.40219.1
Project("{8BC9CEB8-8B4A-11D0-8D11-00A0C91BC942}") = "MPIPractice", "MPIPractice.vcxproj", "{3DE4C03C-AA30-4C4C-B3C3-A6620058D540}"
EndProject
Global
	GlobalSection(SolutionConfigurationPlatforms) = preSolution
		Debug|x64 = Debug|x64
		Debug|x86 = Debug|x86
		Release|x64 = Release|x64
		Release|x86 = Release|x86
	EndGlobalSection
	GlobalSection(ProjectConfigurationPlatforms) = postSolution
		{3DE4C03C-AA30-4C4C-B3C3-A6620058D540}.Debug|x64.ActiveCfg = Debug|x64
		{3DE4C03C-AA30-4C4C-B3C3-A6620058D540}.Debug|x64.Build.0 = Debug|x64
		{3DE4C03C-AA30-4C4C-B3C3-A6620058D540}.Debug|x86.ActiveCfg = Debug|Win32
		{3DE4C03C-AA30-4C4C-B3C3-A6620058D540}.Debug|x86.Build.0 = Debug|Win32
		{3DE4C03C-AA30-4C4C-B3C3-A6620058D540}.Release|x64.ActiveCfg = Release|x64
		{3DE4C03C-AA30-4C4C-B3C3-A6620058D540}.Release|x64.Build.0 = Release|x64
		{3DE4C03C-AA30-4C4C-B3C3-A6620058D540}.Release|x86.ActiveCfg = Release|Win32
		{3DE4C03C-AA30-4C4C-B3C3-A6620058D540}.Release|x86.Build.0 = Release|Win32
	EndGlobalSection
	GlobalSection(SolutionProperties) = preSolution
		HideSolutionNode = FALSE
	EndGlobalSection
	GlobalSection(ExtensibilityGlobals) = postSolution
		SolutionGuid = {B3E3FB17-2CBC-4E14-B772-B9DB539E7F09}
	EndGlobalSection
EndGlobal
